
Microsoft Visual Studio Solution File, Format Version 12.00
# Visual Studio Version 17
VisualStudioVersion = 17.7.34202.233
MinimumVisualStudioVersion = 10.0.40219.1
Project("{FAE04EC0-301F-11D3-BF4B-00C04F79EFBC}") = "SerilogPractice", "SerilogPractice\SerilogPractice.csproj", "{DCB0E656-2831-4629-A3A1-D997FCF1F031}"
EndProject
Global
	GlobalSection(SolutionConfigurationPlatforms) = preSolution
		Debug|Any CPU = Debug|Any CPU
		Release|Any CPU = Release|Any CPU
	EndGlobalSection
	GlobalSection(ProjectConfigurationPlatforms) = postSolution
		{DCB0E656-2831-4629-A3A1-D997FCF1F031}.Debug|Any CPU.ActiveCfg = Debug|Any CPU
		{DCB0E656-2831-4629-A3A1-D997FCF1F031}.Debug|Any CPU.Build.0 = Debug|Any CPU
		{DCB0E656-2831-4629-A3A1-D997FCF1F031}.Release|Any CPU.ActiveCfg = Release|Any CPU
		{DCB0E656-2831-4629-A3A1-D997FCF1F031}.Release|Any CPU.Build.0 = Release|Any CPU
	EndGlobalSection
	GlobalSection(SolutionProperties) = preSolution
		HideSolutionNode = FALSE
	EndGlobalSection
	GlobalSection(ExtensibilityGlobals) = postSolution
		SolutionGuid = {678E0AA0-ECF4-4DFB-BC3B-A78D80C64FA2}
	EndGlobalSection
EndGlobal
